
Microsoft Visual Studio Solution File, Format Version 10.00
# Visual Studio 2008
Project("{8BC9CEB8-8B4A-11D0-8D11-00A0C91BC942}") = "c语言_9_29", "c语言_9_29\c语言_9_29.vcproj", "{84632286-DAD1-4E54-8B6A-B5D9CC4EC6B0}"
EndProject
Global
	GlobalSection(SolutionConfigurationPlatforms) = preSolution
		Debug|Win32 = Debug|Win32
		Release|Win32 = Release|Win32
	EndGlobalSection
	GlobalSection(ProjectConfigurationPlatforms) = postSolution
		{84632286-DAD1-4E54-8B6A-B5D9CC4EC6B0}.Debug|Win32.ActiveCfg = Debug|Win32
		{84632286-DAD1-4E54-8B6A-B5D9CC4EC6B0}.Debug|Win32.Build.0 = Debug|Win32
		{84632286-DAD1-4E54-8B6A-B5D9CC4EC6B0}.Release|Win32.ActiveCfg = Release|Win32
		{84632286-DAD1-4E54-8B6A-B5D9CC4EC6B0}.Release|Win32.Build.0 = Release|Win32
	EndGlobalSection
	GlobalSection(SolutionProperties) = preSolution
		HideSolutionNode = FALSE
	EndGlobalSection
EndGlobal
