
Microsoft Visual Studio Solution File, Format Version 10.00
# Visual Studio 2008
Project("{8BC9CEB8-8B4A-11D0-8D11-00A0C91BC942}") = "c语言10_16", "c语言10_16\c语言10_16.vcproj", "{2576BB00-598B-404F-8F1E-0BDA9A685CCC}"
EndProject
Global
	GlobalSection(SolutionConfigurationPlatforms) = preSolution
		Debug|Win32 = Debug|Win32
		Release|Win32 = Release|Win32
	EndGlobalSection
	GlobalSection(ProjectConfigurationPlatforms) = postSolution
		{2576BB00-598B-404F-8F1E-0BDA9A685CCC}.Debug|Win32.ActiveCfg = Debug|Win32
		{2576BB00-598B-404F-8F1E-0BDA9A685CCC}.Debug|Win32.Build.0 = Debug|Win32
		{2576BB00-598B-404F-8F1E-0BDA9A685CCC}.Release|Win32.ActiveCfg = Release|Win32
		{2576BB00-598B-404F-8F1E-0BDA9A685CCC}.Release|Win32.Build.0 = Release|Win32
	EndGlobalSection
	GlobalSection(SolutionProperties) = preSolution
		HideSolutionNode = FALSE
	EndGlobalSection
EndGlobal
