
Microsoft Visual Studio Solution File, Format Version 10.00
# Visual Studio 2008
Project("{8BC9CEB8-8B4A-11D0-8D11-00A0C91BC942}") = "10_13gameboom", "10_13gameboom\10_13gameboom.vcproj", "{CBFD3F80-E27E-4CFF-A51E-A3DF726F1FBF}"
EndProject
Global
	GlobalSection(SolutionConfigurationPlatforms) = preSolution
		Debug|Win32 = Debug|Win32
		Release|Win32 = Release|Win32
	EndGlobalSection
	GlobalSection(ProjectConfigurationPlatforms) = postSolution
		{CBFD3F80-E27E-4CFF-A51E-A3DF726F1FBF}.Debug|Win32.ActiveCfg = Debug|Win32
		{CBFD3F80-E27E-4CFF-A51E-A3DF726F1FBF}.Debug|Win32.Build.0 = Debug|Win32
		{CBFD3F80-E27E-4CFF-A51E-A3DF726F1FBF}.Release|Win32.ActiveCfg = Release|Win32
		{CBFD3F80-E27E-4CFF-A51E-A3DF726F1FBF}.Release|Win32.Build.0 = Release|Win32
	EndGlobalSection
	GlobalSection(SolutionProperties) = preSolution
		HideSolutionNode = FALSE
	EndGlobalSection
EndGlobal
